// !$*UTF8*$!
{
	archiveVersion = 1;
	classes = {
	};
	objectVersion = 63;
	objects = {

/* Begin PBXBuildFile section */
		02B82431B0F38E830D0C2D08 /* Assets.xcassets in Resources */ = {isa = PBXBuildFile; fileRef = AC6E18399606904D4D96D48F /* Assets.xcassets */; };
		09D82257050D87186722F72A /* NetworkTheme.swift in Sources */ = {isa = PBXBuildFile; fileRef = 7F41CA126A13DC50B2679C43 /* NetworkTheme.swift */; };
		13EF681ACF4379A3AA689D2E /* NetworkMonitor.swift in Sources */ = {isa = PBXBuildFile; fileRef = C074C5EFEFBBBDAC68AB560A /* NetworkMonitor.swift */; };
		175DF7D4A52A867087300790 /* GlassCard.swift in Sources */ = {isa = PBXBuildFile; fileRef = 2B9F20BAC6806AD31D63A846 /* GlassCard.swift */; };
		2B2C7524C08BA1C6300E48F2 /* SessionDetailView.swift in Sources */ = {isa = PBXBuildFile; fileRef = C1B62BCF739871D657FB4329 /* SessionDetailView.swift */; };
		2E96A11E2161C7C2D95AC51F /* MainTabView.swift in Sources */ = {isa = PBXBuildFile; fileRef = 4723A2E13589617BC3D9781E /* MainTabView.swift */; };
		3BD75B690965C756A256A2F0 /* NetworkType.swift in Sources */ = {isa = PBXBuildFile; fileRef = 4261E424619F3726E38213C3 /* NetworkType.swift */; };
		42D72D79E4B71D43CB7E484C /* Double+Formatting.swift in Sources */ = {isa = PBXBuildFile; fileRef = 9D803D41F819B76AE5012006 /* Double+Formatting.swift */; };
		4B9EA1BA0A99CEDFE687C90A /* PingResult.swift in Sources */ = {isa = PBXBuildFile; fileRef = 1FECD884549DAB1963BD9868 /* PingResult.swift */; };
		502F5142B829F6FA608F48E6 /* PingSession.swift in Sources */ = {isa = PBXBuildFile; fileRef = 38533F1527EC51036E050314 /* PingSession.swift */; };
		5262A06AAA9A9D79BF6F8C3E /* NetworkTypeIndicator.swift in Sources */ = {isa = PBXBuildFile; fileRef = D7370E7021B3318DF582808A /* NetworkTypeIndicator.swift */; };
		537A2BE54AC1FAA977888F1B /* NetworkBackground.swift in Sources */ = {isa = PBXBuildFile; fileRef = A82BAAED116BB143FAE414C9 /* NetworkBackground.swift */; };
		5A53F7B006669EEA9CCA58E1 /* UserDefaults+Settings.swift in Sources */ = {isa = PBXBuildFile; fileRef = EED81A39CD04FD6D7A198351 /* UserDefaults+Settings.swift */; };
		7AACB67C95A6F5A25A5ECF49 /* StatsCardView.swift in Sources */ = {isa = PBXBuildFile; fileRef = 187461BF58749B4AF5F6EBF9 /* StatsCardView.swift */; };
		9E6D39E03CE37B011A33C155 /* PersistenceManager.swift in Sources */ = {isa = PBXBuildFile; fileRef = 8CD9C004F4DBBF41A859E440 /* PersistenceManager.swift */; };
		B28B66AD1321F3B7ED220960 /* PingService.swift in Sources */ = {isa = PBXBuildFile; fileRef = 463CF71C32AD784BEC382AA4 /* PingService.swift */; };
		B40FFA80B82EFA9298A3F875 /* Color+Theme.swift in Sources */ = {isa = PBXBuildFile; fileRef = 26D3FD9493D02F773E7DB560 /* Color+Theme.swift */; };
		BAA36552395ED7692F4831DF /* HistoryView.swift in Sources */ = {isa = PBXBuildFile; fileRef = F09F3671E3577D429923864F /* HistoryView.swift */; };
		BFBCD3C42F29331B00CE0824 /* ConnectionInsights.swift in Sources */ = {isa = PBXBuildFile; fileRef = BFBCD3C22F29331B00CE0824 /* ConnectionInsights.swift */; };
		BFBCD3C52F29331B00CE0824 /* NetworkExplainer.swift in Sources */ = {isa = PBXBuildFile; fileRef = BFBCD3C32F29331B00CE0824 /* NetworkExplainer.swift */; };
		BFBCD3C92F2AEFD200CE0824 /* ConnectionQualityCalculator.swift in Sources */ = {isa = PBXBuildFile; fileRef = BFBCD3C82F2AEFD200CE0824 /* ConnectionQualityCalculator.swift */; };
		BFBCD3CB2F2AEFE300CE0824 /* QualityScoreView.swift in Sources */ = {isa = PBXBuildFile; fileRef = BFBCD3CA2F2AEFE300CE0824 /* QualityScoreView.swift */; };
		C2E11B1BDA8BBA8CD2A9DB41 /* PingProApp.swift in Sources */ = {isa = PBXBuildFile; fileRef = CA8EB25680187E40454F7AC5 /* PingProApp.swift */; };
		C8798ED764B56B3557556DF3 /* PingChartView.swift in Sources */ = {isa = PBXBuildFile; fileRef = 8F49E3339F8E0390CB87710A /* PingChartView.swift */; };
		CD0D8A4B3D16FF8F0F5F394B /* PingMonitorViewModel.swift in Sources */ = {isa = PBXBuildFile; fileRef = B6AA3C4F9F053A1D4CC837BC /* PingMonitorViewModel.swift */; };
		CD18E788461F2DC3B418883A /* ConnectionQualityBadge.swift in Sources */ = {isa = PBXBuildFile; fileRef = 35C5E27D1DF0F71E1B6104FD /* ConnectionQualityBadge.swift */; };
		D1EFE7E470AEE5E0283DA059 /* MonitorView.swift in Sources */ = {isa = PBXBuildFile; fileRef = F2D3522E9519F9592DAE523A /* MonitorView.swift */; };
		D7D725E9B4ABC1455010E568 /* SettingsView.swift in Sources */ = {isa = PBXBuildFile; fileRef = 71CBE8478AE2185CA79A8F8E /* SettingsView.swift */; };
		E8B2ABB398248298FF699687 /* ContentView.swift in Sources */ = {isa = PBXBuildFile; fileRef = 53C48078C82B6EA84153FD32 /* ContentView.swift */; };
/* End PBXBuildFile section */

/* Begin PBXFileReference section */
		187461BF58749B4AF5F6EBF9 /* StatsCardView.swift */ = {isa = PBXFileReference; lastKnownFileType = sourcecode.swift; path = StatsCardView.swift; sourceTree = "<group>"; };
		1FECD884549DAB1963BD9868 /* PingResult.swift */ = {isa = PBXFileReference; lastKnownFileType = sourcecode.swift; path = PingResult.swift; sourceTree = "<group>"; };
		26D3FD9493D02F773E7DB560 /* Color+Theme.swift */ = {isa = PBXFileReference; lastKnownFileType = sourcecode.swift; path = "Color+Theme.swift"; sourceTree = "<group>"; };
		2B9F20BAC6806AD31D63A846 /* GlassCard.swift */ = {isa = PBXFileReference; lastKnownFileType = sourcecode.swift; path = GlassCard.swift; sourceTree = "<group>"; };
		35C5E27D1DF0F71E1B6104FD /* ConnectionQualityBadge.swift */ = {isa = PBXFileReference; lastKnownFileType = sourcecode.swift; path = ConnectionQualityBadge.swift; sourceTree = "<group>"; };
		38533F1527EC51036E050314 /* PingSession.swift */ = {isa = PBXFileReference; lastKnownFileType = sourcecode.swift; path = PingSession.swift; sourceTree = "<group>"; };
		4261E424619F3726E38213C3 /* NetworkType.swift */ = {isa = PBXFileReference; lastKnownFileType = sourcecode.swift; path = NetworkType.swift; sourceTree = "<group>"; };
		463CF71C32AD784BEC382AA4 /* PingService.swift */ = {isa = PBXFileReference; lastKnownFileType = sourcecode.swift; path = PingService.swift; sourceTree = "<group>"; };
		4723A2E13589617BC3D9781E /* MainTabView.swift */ = {isa = PBXFileReference; lastKnownFileType = sourcecode.swift; path = MainTabView.swift; sourceTree = "<group>"; };
		53C48078C82B6EA84153FD32 /* ContentView.swift */ = {isa = PBXFileReference; lastKnownFileType = sourcecode.swift; path = ContentView.swift; sourceTree = "<group>"; };
		71CBE8478AE2185CA79A8F8E /* SettingsView.swift */ = {isa = PBXFileReference; lastKnownFileType = sourcecode.swift; path = SettingsView.swift; sourceTree = "<group>"; };
		7F41CA126A13DC50B2679C43 /* NetworkTheme.swift */ = {isa = PBXFileReference; lastKnownFileType = sourcecode.swift; path = NetworkTheme.swift; sourceTree = "<group>"; };
		8CD9C004F4DBBF41A859E440 /* PersistenceManager.swift */ = {isa = PBXFileReference; lastKnownFileType = sourcecode.swift; path = PersistenceManager.swift; sourceTree = "<group>"; };
		8F49E3339F8E0390CB87710A /* PingChartView.swift */ = {isa = PBXFileReference; lastKnownFileType = sourcecode.swift; path = PingChartView.swift; sourceTree = "<group>"; };
		9700499700FC01BC94AD0342 /* PingPro.app */ = {isa = PBXFileReference; explicitFileType = wrapper.application; includeInIndex = 0; path = PingPro.app; sourceTree = BUILT_PRODUCTS_DIR; };
		9D803D41F819B76AE5012006 /* Double+Formatting.swift */ = {isa = PBXFileReference; lastKnownFileType = sourcecode.swift; path = "Double+Formatting.swift"; sourceTree = "<group>"; };
		A82BAAED116BB143FAE414C9 /* NetworkBackground.swift */ = {isa = PBXFileReference; lastKnownFileType = sourcecode.swift; path = NetworkBackground.swift; sourceTree = "<group>"; };
		AC6E18399606904D4D96D48F /* Assets.xcassets */ = {isa = PBXFileReference; lastKnownFileType = folder.assetcatalog; path = Assets.xcassets; sourceTree = "<group>"; };
		B6AA3C4F9F053A1D4CC837BC /* PingMonitorViewModel.swift */ = {isa = PBXFileReference; lastKnownFileType = sourcecode.swift; path = PingMonitorViewModel.swift; sourceTree = "<group>"; };
		BFBCD3C22F29331B00CE0824 /* ConnectionInsights.swift */ = {isa = PBXFileReference; lastKnownFileType = sourcecode.swift; path = ConnectionInsights.swift; sourceTree = "<group>"; };
		BFBCD3C32F29331B00CE0824 /* NetworkExplainer.swift */ = {isa = PBXFileReference; lastKnownFileType = sourcecode.swift; path = NetworkExplainer.swift; sourceTree = "<group>"; };
		BFBCD3C82F2AEFD200CE0824 /* ConnectionQualityCalculator.swift */ = {isa = PBXFileReference; lastKnownFileType = sourcecode.swift; path = ConnectionQualityCalculator.swift; sourceTree = "<group>"; };
		BFBCD3CA2F2AEFE300CE0824 /* QualityScoreView.swift */ = {isa = PBXFileReference; lastKnownFileType = sourcecode.swift; path = QualityScoreView.swift; sourceTree = "<group>"; };
		C074C5EFEFBBBDAC68AB560A /* NetworkMonitor.swift */ = {isa = PBXFileReference; lastKnownFileType = sourcecode.swift; path = NetworkMonitor.swift; sourceTree = "<group>"; };
		C1B62BCF739871D657FB4329 /* SessionDetailView.swift */ = {isa = PBXFileReference; lastKnownFileType = sourcecode.swift; path = SessionDetailView.swift; sourceTree = "<group>"; };
		CA8EB25680187E40454F7AC5 /* PingProApp.swift */ = {isa = PBXFileReference; lastKnownFileType = sourcecode.swift; path = PingProApp.swift; sourceTree = "<group>"; };
		D7370E7021B3318DF582808A /* NetworkTypeIndicator.swift */ = {isa = PBXFileReference; lastKnownFileType = sourcecode.swift; path = NetworkTypeIndicator.swift; sourceTree = "<group>"; };
		EED81A39CD04FD6D7A198351 /* UserDefaults+Settings.swift */ = {isa = PBXFileReference; lastKnownFileType = sourcecode.swift; path = "UserDefaults+Settings.swift"; sourceTree = "<group>"; };
		F09F3671E3577D429923864F /* HistoryView.swift */ = {isa = PBXFileReference; lastKnownFileType = sourcecode.swift; path = HistoryView.swift; sourceTree = "<group>"; };
		F2D3522E9519F9592DAE523A /* MonitorView.swift */ = {isa = PBXFileReference; lastKnownFileType = sourcecode.swift; path = MonitorView.swift; sourceTree = "<group>"; };
/* End PBXFileReference section */

/* Begin PBXGroup section */
		020E88BE055A8FFBE4C7C053 /* ViewModels */ = {
			isa = PBXGroup;
			children = (
				B6AA3C4F9F053A1D4CC837BC /* PingMonitorViewModel.swift */,
			);
			path = ViewModels;
			sourceTree = "<group>";
		};
		0928B1A45066244BCF17E80A /* Settings */ = {
			isa = PBXGroup;
			children = (
				71CBE8478AE2185CA79A8F8E /* SettingsView.swift */,
			);
			path = Settings;
			sourceTree = "<group>";
		};
		11A1C62FC1426ABFDEADDAB4 /* Services */ = {
			isa = PBXGroup;
			children = (
				BFBCD3C82F2AEFD200CE0824 /* ConnectionQualityCalculator.swift */,
				C074C5EFEFBBBDAC68AB560A /* NetworkMonitor.swift */,
				8CD9C004F4DBBF41A859E440 /* PersistenceManager.swift */,
				463CF71C32AD784BEC382AA4 /* PingService.swift */,
			);
			path = Services;
			sourceTree = "<group>";
		};
		2DC5A1729C425C1BBF6E52C6 /* Extensions */ = {
			isa = PBXGroup;
			children = (
				26D3FD9493D02F773E7DB560 /* Color+Theme.swift */,
				9D803D41F819B76AE5012006 /* Double+Formatting.swift */,
				EED81A39CD04FD6D7A198351 /* UserDefaults+Settings.swift */,
			);
			path = Extensions;
			sourceTree = "<group>";
		};
		2FE57B2EE31D42099441ED9C /* History */ = {
			isa = PBXGroup;
			children = (
				F09F3671E3577D429923864F /* HistoryView.swift */,
				C1B62BCF739871D657FB4329 /* SessionDetailView.swift */,
			);
			path = History;
			sourceTree = "<group>";
		};
		44BA1EBBBB0187A1555DB26B /* Core */ = {
			isa = PBXGroup;
			children = (
				2DC5A1729C425C1BBF6E52C6 /* Extensions */,
				4CDBDE14C3F442BEF98C65BF /* Theme */,
			);
			path = Core;
			sourceTree = "<group>";
		};
		4CDBDE14C3F442BEF98C65BF /* Theme */ = {
			isa = PBXGroup;
			children = (
				7F41CA126A13DC50B2679C43 /* NetworkTheme.swift */,
			);
			path = Theme;
			sourceTree = "<group>";
		};
		6CC16ACF95ECDDAD5B4DCFCD /* Products */ = {
			isa = PBXGroup;
			children = (
				9700499700FC01BC94AD0342 /* PingPro.app */,
			);
			name = Products;
			sourceTree = "<group>";
		};
		733D30EA7A7619AA302D4CF9 /* Monitor */ = {
			isa = PBXGroup;
			children = (
				F2D3522E9519F9592DAE523A /* MonitorView.swift */,
				8F49E3339F8E0390CB87710A /* PingChartView.swift */,
			);
			path = Monitor;
			sourceTree = "<group>";
		};
		8E0E4B8EA1CDA0D981EB4E46 = {
			isa = PBXGroup;
			children = (
				8E98851F9456CCBDB67D392A /* PingPro */,
				6CC16ACF95ECDDAD5B4DCFCD /* Products */,
			);
			sourceTree = "<group>";
		};
		8E98851F9456CCBDB67D392A /* PingPro */ = {
			isa = PBXGroup;
			children = (
				AC6E18399606904D4D96D48F /* Assets.xcassets */,
				53C48078C82B6EA84153FD32 /* ContentView.swift */,
				CA8EB25680187E40454F7AC5 /* PingProApp.swift */,
				44BA1EBBBB0187A1555DB26B /* Core */,
				C73A6C0B6144C2C66AECD7B6 /* Models */,
				11A1C62FC1426ABFDEADDAB4 /* Services */,
				020E88BE055A8FFBE4C7C053 /* ViewModels */,
				9DEAE72D1524C6C5E7F5486E /* Views */,
			);
			path = PingPro;
			sourceTree = "<group>";
		};
		9DEAE72D1524C6C5E7F5486E /* Views */ = {
			isa = PBXGroup;
			children = (
				4723A2E13589617BC3D9781E /* MainTabView.swift */,
				DAE26BFBEDE9D2E44BF7613E /* Components */,
				2FE57B2EE31D42099441ED9C /* History */,
				733D30EA7A7619AA302D4CF9 /* Monitor */,
				0928B1A45066244BCF17E80A /* Settings */,
			);
			path = Views;
			sourceTree = "<group>";
		};
		C73A6C0B6144C2C66AECD7B6 /* Models */ = {
			isa = PBXGroup;
			children = (
				4261E424619F3726E38213C3 /* NetworkType.swift */,
				1FECD884549DAB1963BD9868 /* PingResult.swift */,
				38533F1527EC51036E050314 /* PingSession.swift */,
			);
			path = Models;
			sourceTree = "<group>";
		};
		DAE26BFBEDE9D2E44BF7613E /* Components */ = {
			isa = PBXGroup;
			children = (
				BFBCD3CA2F2AEFE300CE0824 /* QualityScoreView.swift */,
				BFBCD3C22F29331B00CE0824 /* ConnectionInsights.swift */,
				BFBCD3C32F29331B00CE0824 /* NetworkExplainer.swift */,
				35C5E27D1DF0F71E1B6104FD /* ConnectionQualityBadge.swift */,
				2B9F20BAC6806AD31D63A846 /* GlassCard.swift */,
				A82BAAED116BB143FAE414C9 /* NetworkBackground.swift */,
				D7370E7021B3318DF582808A /* NetworkTypeIndicator.swift */,
				187461BF58749B4AF5F6EBF9 /* StatsCardView.swift */,
			);
			path = Components;
			sourceTree = "<group>";
		};
/* End PBXGroup section */

/* Begin PBXNativeTarget section */
		A05F5C93097D1147FD7F23D5 /* PingPro */ = {
			isa = PBXNativeTarget;
			buildConfigurationList = 844241A3E1FF33A3BBBFFFFF /* Build configuration list for PBXNativeTarget "PingPro" */;
			buildPhases = (
				57448AC4A67B86FF190A2397 /* Sources */,
				0B1A87F78BF8127A9CF9A913 /* Resources */,
			);
			buildRules = (
			);
			dependencies = (
			);
			name = PingPro;
			packageProductDependencies = (
			);
			productName = PingPro;
			productReference = 9700499700FC01BC94AD0342 /* PingPro.app */;
			productType = "com.apple.product-type.application";
		};
/* End PBXNativeTarget section */

/* Begin PBXProject section */
		D2943CE7045B1554A268D009 /* Project object */ = {
			isa = PBXProject;
			attributes = {
				BuildIndependentTargetsInParallel = YES;
				LastUpgradeCheck = 1430;
			};
			buildConfigurationList = 5360C1347A7805B1AC53EDFD /* Build configuration list for PBXProject "PingPro" */;
			compatibilityVersion = "Xcode 14.0";
			developmentRegion = en;
			hasScannedForEncodings = 0;
			knownRegions = (
				Base,
				en,
			);
			mainGroup = 8E0E4B8EA1CDA0D981EB4E46;
			minimizedProjectReferenceProxies = 1;
			projectDirPath = "";
			projectRoot = "";
			targets = (
				A05F5C93097D1147FD7F23D5 /* PingPro */,
			);
		};
/* End PBXProject section */

/* Begin PBXResourcesBuildPhase section */
		0B1A87F78BF8127A9CF9A913 /* Resources */ = {
			isa = PBXResourcesBuildPhase;
			buildActionMask = 2147483647;
			files = (
				02B82431B0F38E830D0C2D08 /* Assets.xcassets in Resources */,
			);
			runOnlyForDeploymentPostprocessing = 0;
		};
/* End PBXResourcesBuildPhase section */

/* Begin PBXSourcesBuildPhase section */
		57448AC4A67B86FF190A2397 /* Sources */ = {
			isa = PBXSourcesBuildPhase;
			buildActionMask = 2147483647;
			files = (
				B40FFA80B82EFA9298A3F875 /* Color+Theme.swift in Sources */,
				BFBCD3CB2F2AEFE300CE0824 /* QualityScoreView.swift in Sources */,
				CD18E788461F2DC3B418883A /* ConnectionQualityBadge.swift in Sources */,
				E8B2ABB398248298FF699687 /* ContentView.swift in Sources */,
				42D72D79E4B71D43CB7E484C /* Double+Formatting.swift in Sources */,
				175DF7D4A52A867087300790 /* GlassCard.swift in Sources */,
				BFBCD3C42F29331B00CE0824 /* ConnectionInsights.swift in Sources */,
				BFBCD3C52F29331B00CE0824 /* NetworkExplainer.swift in Sources */,
				BAA36552395ED7692F4831DF /* HistoryView.swift in Sources */,
				2E96A11E2161C7C2D95AC51F /* MainTabView.swift in Sources */,
				D1EFE7E470AEE5E0283DA059 /* MonitorView.swift in Sources */,
				537A2BE54AC1FAA977888F1B /* NetworkBackground.swift in Sources */,
				13EF681ACF4379A3AA689D2E /* NetworkMonitor.swift in Sources */,
				09D82257050D87186722F72A /* NetworkTheme.swift in Sources */,
				3BD75B690965C756A256A2F0 /* NetworkType.swift in Sources */,
				5262A06AAA9A9D79BF6F8C3E /* NetworkTypeIndicator.swift in Sources */,
				9E6D39E03CE37B011A33C155 /* PersistenceManager.swift in Sources */,
				C8798ED764B56B3557556DF3 /* PingChartView.swift in Sources */,
				CD0D8A4B3D16FF8F0F5F394B /* PingMonitorViewModel.swift in Sources */,
				C2E11B1BDA8BBA8CD2A9DB41 /* PingProApp.swift in Sources */,
				4B9EA1BA0A99CEDFE687C90A /* PingResult.swift in Sources */,
				BFBCD3C92F2AEFD200CE0824 /* ConnectionQualityCalculator.swift in Sources */,
				B28B66AD1321F3B7ED220960 /* PingService.swift in Sources */,
				502F5142B829F6FA608F48E6 /* PingSession.swift in Sources */,
				2B2C7524C08BA1C6300E48F2 /* SessionDetailView.swift in Sources */,
				D7D725E9B4ABC1455010E568 /* SettingsView.swift in Sources */,
				7AACB67C95A6F5A25A5ECF49 /* StatsCardView.swift in Sources */,
				5A53F7B006669EEA9CCA58E1 /* UserDefaults+Settings.swift in Sources */,
			);
			runOnlyForDeploymentPostprocessing = 0;
		};
/* End PBXSourcesBuildPhase section */

/* Begin XCBuildConfiguration section */
		150F03A49C47F4D34610DDE6 /* Release */ = {
			isa = XCBuildConfiguration;
			buildSettings = {
				ALWAYS_SEARCH_USER_PATHS = NO;
				CLANG_ANALYZER_NONNULL = YES;
				CLANG_ANALYZER_NUMBER_OBJECT_CONVERSION = YES_AGGRESSIVE;
				CLANG_CXX_LANGUAGE_STANDARD = "gnu++14";
				CLANG_CXX_LIBRARY = "libc++";
				CLANG_ENABLE_MODULES = YES;
				CLANG_ENABLE_OBJC_ARC = YES;
				CLANG_ENABLE_OBJC_WEAK = YES;
				CLANG_WARN_BLOCK_CAPTURE_AUTORELEASING = YES;
				CLANG_WARN_BOOL_CONVERSION = YES;
				CLANG_WARN_COMMA = YES;
				CLANG_WARN_CONSTANT_CONVERSION = YES;
				CLANG_WARN_DEPRECATED_OBJC_IMPLEMENTATIONS = YES;
				CLANG_WARN_DIRECT_OBJC_ISA_USAGE = YES_ERROR;
				CLANG_WARN_DOCUMENTATION_COMMENTS = YES;
				CLANG_WARN_EMPTY_BODY = YES;
				CLANG_WARN_ENUM_CONVERSION = YES;
				CLANG_WARN_INFINITE_RECURSION = YES;
				CLANG_WARN_INT_CONVERSION = YES;
				CLANG_WARN_NON_LITERAL_NULL_CONVERSION = YES;
				CLANG_WARN_OBJC_IMPLICIT_RETAIN_SELF = YES;
				CLANG_WARN_OBJC_LITERAL_CONVERSION = YES;
				CLANG_WARN_OBJC_ROOT_CLASS = YES_ERROR;
				CLANG_WARN_QUOTED_INCLUDE_IN_FRAMEWORK_HEADER = YES;
				CLANG_WARN_RANGE_LOOP_ANALYSIS = YES;
				CLANG_WARN_STRICT_PROTOTYPES = YES;
				CLANG_WARN_SUSPICIOUS_MOVE = YES;
				CLANG_WARN_UNGUARDED_AVAILABILITY = YES_AGGRESSIVE;
				CLANG_WARN_UNREACHABLE_CODE = YES;
				CLANG_WARN__DUPLICATE_METHOD_MATCH = YES;
				COPY_PHASE_STRIP = NO;
				DEBUG_INFORMATION_FORMAT = "dwarf-with-dsym";
				ENABLE_NS_ASSERTIONS = NO;
				ENABLE_STRICT_OBJC_MSGSEND = YES;
				GCC_C_LANGUAGE_STANDARD = gnu11;
				GCC_NO_COMMON_BLOCKS = YES;
				GCC_WARN_64_TO_32_BIT_CONVERSION = YES;
				GCC_WARN_ABOUT_RETURN_TYPE = YES_ERROR;
				GCC_WARN_UNDECLARED_SELECTOR = YES;
				GCC_WARN_UNINITIALIZED_AUTOS = YES_AGGRESSIVE;
				GCC_WARN_UNUSED_FUNCTION = YES;
				GCC_WARN_UNUSED_VARIABLE = YES;
				MTL_ENABLE_DEBUG_INFO = NO;
				MTL_FAST_MATH = YES;
				PRODUCT_NAME = "$(TARGET_NAME)";
				SDKROOT = iphoneos;
				SWIFT_COMPILATION_MODE = wholemodule;
				SWIFT_OPTIMIZATION_LEVEL = "-O";
				SWIFT_VERSION = 5.0;
			};
			name = Release;
		};
		55904F878665153FAE5AE6B5 /* Release */ = {
			isa = XCBuildConfiguration;
			buildSettings = {
				ASSETCATALOG_COMPILER_APPICON_NAME = AppIcon;
				CODE_SIGN_IDENTITY = "iPhone Developer";
				DEVELOPMENT_TEAM = 24B5N75QKW;
				GENERATE_INFOPLIST_FILE = YES;
				INFOPLIST_KEY_UILaunchScreen_Generation = YES;
				IPHONEOS_DEPLOYMENT_TARGET = 17.0;
				LD_RUNPATH_SEARCH_PATHS = (
					"$(inherited)",
					"@executable_path/Frameworks",
				);
				PRODUCT_BUNDLE_IDENTIFIER = com.portfolio.vibe.PingPro;
				SDKROOT = iphoneos;
				SWIFT_VERSION = 5.0;
				TARGETED_DEVICE_FAMILY = "1,2";
			};
			name = Release;
		};
		6CF667D1B4C70A31FA66EC78 /* Debug */ = {
			isa = XCBuildConfiguration;
			buildSettings = {
				ALWAYS_SEARCH_USER_PATHS = NO;
				CLANG_ANALYZER_NONNULL = YES;
				CLANG_ANALYZER_NUMBER_OBJECT_CONVERSION = YES_AGGRESSIVE;
				CLANG_CXX_LANGUAGE_STANDARD = "gnu++14";
				CLANG_CXX_LIBRARY = "libc++";
				CLANG_ENABLE_MODULES = YES;
				CLANG_ENABLE_OBJC_ARC = YES;
				CLANG_ENABLE_OBJC_WEAK = YES;
				CLANG_WARN_BLOCK_CAPTURE_AUTORELEASING = YES;
				CLANG_WARN_BOOL_CONVERSION = YES;
				CLANG_WARN_COMMA = YES;
				CLANG_WARN_CONSTANT_CONVERSION = YES;
				CLANG_WARN_DEPRECATED_OBJC_IMPLEMENTATIONS = YES;
				CLANG_WARN_DIRECT_OBJC_ISA_USAGE = YES_ERROR;
				CLANG_WARN_DOCUMENTATION_COMMENTS = YES;
				CLANG_WARN_EMPTY_BODY = YES;
				CLANG_WARN_ENUM_CONVERSION = YES;
				CLANG_WARN_INFINITE_RECURSION = YES;
				CLANG_WARN_INT_CONVERSION = YES;
				CLANG_WARN_NON_LITERAL_NULL_CONVERSION = YES;
				CLANG_WARN_OBJC_IMPLICIT_RETAIN_SELF = YES;
				CLANG_WARN_OBJC_LITERAL_CONVERSION = YES;
				CLANG_WARN_OBJC_ROOT_CLASS = YES_ERROR;
				CLANG_WARN_QUOTED_INCLUDE_IN_FRAMEWORK_HEADER = YES;
				CLANG_WARN_RANGE_LOOP_ANALYSIS = YES;
				CLANG_WARN_STRICT_PROTOTYPES = YES;
				CLANG_WARN_SUSPICIOUS_MOVE = YES;
				CLANG_WARN_UNGUARDED_AVAILABILITY = YES_AGGRESSIVE;
				CLANG_WARN_UNREACHABLE_CODE = YES;
				CLANG_WARN__DUPLICATE_METHOD_MATCH = YES;
				COPY_PHASE_STRIP = NO;
				DEBUG_INFORMATION_FORMAT = dwarf;
				ENABLE_STRICT_OBJC_MSGSEND = YES;
				ENABLE_TESTABILITY = YES;
				GCC_C_LANGUAGE_STANDARD = gnu11;
				GCC_DYNAMIC_NO_PIC = NO;
				GCC_NO_COMMON_BLOCKS = YES;
				GCC_OPTIMIZATION_LEVEL = 0;
				GCC_PREPROCESSOR_DEFINITIONS = (
					"$(inherited)",
					"DEBUG=1",
				);
				GCC_WARN_64_TO_32_BIT_CONVERSION = YES;
				GCC_WARN_ABOUT_RETURN_TYPE = YES_ERROR;
				GCC_WARN_UNDECLARED_SELECTOR = YES;
				GCC_WARN_UNINITIALIZED_AUTOS = YES_AGGRESSIVE;
				GCC_WARN_UNUSED_FUNCTION = YES;
				GCC_WARN_UNUSED_VARIABLE = YES;
				MTL_ENABLE_DEBUG_INFO = INCLUDE_SOURCE;
				MTL_FAST_MATH = YES;
				ONLY_ACTIVE_ARCH = YES;
				PRODUCT_NAME = "$(TARGET_NAME)";
				SDKROOT = iphoneos;
				SWIFT_ACTIVE_COMPILATION_CONDITIONS = DEBUG;
				SWIFT_OPTIMIZATION_LEVEL = "-Onone";
				SWIFT_VERSION = 5.0;
			};
			name = Debug;
		};
		B0959D7A9A0ED3C46A756BA7 /* Debug */ = {
			isa = XCBuildConfiguration;
			buildSettings = {
				ASSETCATALOG_COMPILER_APPICON_NAME = AppIcon;
				CODE_SIGN_IDENTITY = "iPhone Developer";
				DEVELOPMENT_TEAM = 24B5N75QKW;
				GENERATE_INFOPLIST_FILE = YES;
				INFOPLIST_KEY_UILaunchScreen_Generation = YES;
				IPHONEOS_DEPLOYMENT_TARGET = 17.0;
				LD_RUNPATH_SEARCH_PATHS = (
					"$(inherited)",
					"@executable_path/Frameworks",
				);
				PRODUCT_BUNDLE_IDENTIFIER = com.portfolio.vibe.PingPro;
				SDKROOT = iphoneos;
				SWIFT_VERSION = 5.0;
				TARGETED_DEVICE_FAMILY = "1,2";
			};
			name = Debug;
		};
/* End XCBuildConfiguration section */

/* Begin XCConfigurationList section */
		5360C1347A7805B1AC53EDFD /* Build configuration list for PBXProject "PingPro" */ = {
			isa = XCConfigurationList;
			buildConfigurations = (
				6CF667D1B4C70A31FA66EC78 /* Debug */,
				150F03A49C47F4D34610DDE6 /* Release */,
			);
			defaultConfigurationIsVisible = 0;
			defaultConfigurationName = Debug;
		};
		844241A3E1FF33A3BBBFFFFF /* Build configuration list for PBXNativeTarget "PingPro" */ = {
			isa = XCConfigurationList;
			buildConfigurations = (
				B0959D7A9A0ED3C46A756BA7 /* Debug */,
				55904F878665153FAE5AE6B5 /* Release */,
			);
			defaultConfigurationIsVisible = 0;
			defaultConfigurationName = Debug;
		};
/* End XCConfigurationList section */
	};
	rootObject = D2943CE7045B1554A268D009 /* Project object */;
}
